
Microsoft Visual Studio Solution File, Format Version 12.00
# Visual Studio Version 17
VisualStudioVersion = 17.11.35017.193
MinimumVisualStudioVersion = 10.0.40219.1
Project("{2150E333-8FDC-42A3-9474-1A3956D46DE8}") = "Services", "Services", "{04795BDA-E65B-4ACB-8C53-3E5B25AA4A29}"
EndProject
Project("{9A19103F-16F7-4668-BE54-9A1E7A4F7556}") = "PayItGlobalApp.Application", "PayItGlobalApp.Application\PayItGlobalApp.Application.csproj", "{D63DC588-C6AA-41D6-8B96-1DEABF5CFB88}"
EndProject
Project("{9A19103F-16F7-4668-BE54-9A1E7A4F7556}") = "PayItGlobalApp.Infrastructure", "PayItGlobalApp.Infrastructure\PayItGlobalApp.Infrastructure.csproj", "{2C26C578-9B5F-49C2-BA49-E66732E5F638}"
EndProject
Project("{2150E333-8FDC-42A3-9474-1A3956D46DE8}") = "SolutionItems", "SolutionItems", "{E60CEFF3-E6A1-4B0C-B07A-A6818B84EFDF}"
	ProjectSection(SolutionItems) = preProject
		SolutionItems\CryptAply.sql = SolutionItems\CryptAply.sql
		Directory.Build.props = Directory.Build.props
	EndProjectSection
EndProject
Project("{FAE04EC0-301F-11D3-BF4B-00C04F79EFBC}") = "CryptAplyApp", "CryptAplyApp\CryptAplyApp.csproj", "{9BCCBE38-173B-4694-AA71-FEBA493E4FBA}"
EndProject
Global
	GlobalSection(SolutionConfigurationPlatforms) = preSolution
		Debug|Any CPU = Debug|Any CPU
		Release|Any CPU = Release|Any CPU
	EndGlobalSection
	GlobalSection(ProjectConfigurationPlatforms) = postSolution
		{D63DC588-C6AA-41D6-8B96-1DEABF5CFB88}.Debug|Any CPU.ActiveCfg = Debug|Any CPU
		{D63DC588-C6AA-41D6-8B96-1DEABF5CFB88}.Debug|Any CPU.Build.0 = Debug|Any CPU
		{D63DC588-C6AA-41D6-8B96-1DEABF5CFB88}.Release|Any CPU.ActiveCfg = Release|Any CPU
		{D63DC588-C6AA-41D6-8B96-1DEABF5CFB88}.Release|Any CPU.Build.0 = Release|Any CPU
		{2C26C578-9B5F-49C2-BA49-E66732E5F638}.Debug|Any CPU.ActiveCfg = Debug|Any CPU
		{2C26C578-9B5F-49C2-BA49-E66732E5F638}.Debug|Any CPU.Build.0 = Debug|Any CPU
		{2C26C578-9B5F-49C2-BA49-E66732E5F638}.Release|Any CPU.ActiveCfg = Release|Any CPU
		{2C26C578-9B5F-49C2-BA49-E66732E5F638}.Release|Any CPU.Build.0 = Release|Any CPU
		{9BCCBE38-173B-4694-AA71-FEBA493E4FBA}.Debug|Any CPU.ActiveCfg = Debug|Any CPU
		{9BCCBE38-173B-4694-AA71-FEBA493E4FBA}.Debug|Any CPU.Build.0 = Debug|Any CPU
		{9BCCBE38-173B-4694-AA71-FEBA493E4FBA}.Debug|Any CPU.Deploy.0 = Debug|Any CPU
		{9BCCBE38-173B-4694-AA71-FEBA493E4FBA}.Release|Any CPU.ActiveCfg = Release|Any CPU
		{9BCCBE38-173B-4694-AA71-FEBA493E4FBA}.Release|Any CPU.Build.0 = Release|Any CPU
		{9BCCBE38-173B-4694-AA71-FEBA493E4FBA}.Release|Any CPU.Deploy.0 = Release|Any CPU
	EndGlobalSection
	GlobalSection(SolutionProperties) = preSolution
		HideSolutionNode = FALSE
	EndGlobalSection
	GlobalSection(NestedProjects) = preSolution
		{D63DC588-C6AA-41D6-8B96-1DEABF5CFB88} = {04795BDA-E65B-4ACB-8C53-3E5B25AA4A29}
		{2C26C578-9B5F-49C2-BA49-E66732E5F638} = {04795BDA-E65B-4ACB-8C53-3E5B25AA4A29}
	EndGlobalSection
	GlobalSection(ExtensibilityGlobals) = postSolution
		SolutionGuid = {6B0A53AA-6D8D-449C-AB68-8180853951BF}
	EndGlobalSection
EndGlobal
