
Microsoft Visual Studio Solution File, Format Version 12.00
# Visual Studio Version 17
VisualStudioVersion = 17.11.35017.193
MinimumVisualStudioVersion = 10.0.40219.1
Project("{9A19103F-16F7-4668-BE54-9A1E7A4F7556}") = "PayItGlobalApi", "PayItGlobal.Api\PayItGlobalApi.csproj", "{3AB2EC1D-EA6E-4C06-B188-346DA29D2002}"
EndProject
Project("{9A19103F-16F7-4668-BE54-9A1E7A4F7556}") = "PayItGlobalApi.Application", "PayItGlobal.Application\PayItGlobalApi.Application.csproj", "{1ABF2912-A5BE-4643-8996-60C8A64E1176}"
EndProject
Project("{9A19103F-16F7-4668-BE54-9A1E7A4F7556}") = "PayItGlobal.Domain", "PayItGlobal.Domain\PayItGlobal.Domain.csproj", "{2E5F26E0-3421-494F-8B32-011F2CD34BAC}"
EndProject
Project("{9A19103F-16F7-4668-BE54-9A1E7A4F7556}") = "PayItGlobalApi.Infrastructure", "PayItGlobal.Infrastructure\PayItGlobalApi.Infrastructure.csproj", "{2D51A024-8324-4BC3-B456-FE78F1A7B047}"
EndProject
Project("{2150E333-8FDC-42A3-9474-1A3956D46DE8}") = "Services", "Services", "{063C467D-F9F9-4EE4-9FE8-58CA31B67C0A}"
EndProject
Project("{2150E333-8FDC-42A3-9474-1A3956D46DE8}") = "Domain", "Domain", "{C50EFB97-D941-45B2-9590-8EDEBB7E8BED}"
EndProject
Project("{9A19103F-16F7-4668-BE54-9A1E7A4F7556}") = "PayItGlobalApp", "PayItGlobalApp\PayItGlobalApp.csproj", "{0E377DC3-3CB3-4DFE-A69D-6425CEA2C7E7}"
EndProject
Project("{FAE04EC0-301F-11D3-BF4B-00C04F79EFBC}") = "PayItGlobal.DTOs", "PayItGlobal.Services\PayItGlobal.DTOs\PayItGlobal.DTOs.csproj", "{C904481C-99F6-46EC-AAE4-3ACB21FB23FA}"
EndProject
Project("{2150E333-8FDC-42A3-9474-1A3956D46DE8}") = "Api", "Api", "{B08831C1-E299-41EA-B535-4CB1AAB9D17D}"
EndProject
Project("{2150E333-8FDC-42A3-9474-1A3956D46DE8}") = "App", "App", "{3111450A-9282-44AC-BA4F-3E0030EF9E73}"
EndProject
Project("{2150E333-8FDC-42A3-9474-1A3956D46DE8}") = "Services", "Services", "{04795BDA-E65B-4ACB-8C53-3E5B25AA4A29}"
EndProject
Project("{FAE04EC0-301F-11D3-BF4B-00C04F79EFBC}") = "PayItGlobalApp.Application", "PayItGlobalApp.Application\PayItGlobalApp.Application.csproj", "{D63DC588-C6AA-41D6-8B96-1DEABF5CFB88}"
EndProject
Project("{FAE04EC0-301F-11D3-BF4B-00C04F79EFBC}") = "PayItGlobalApp.Infrastructure", "PayItGlobalApp.Infrastructure\PayItGlobalApp.Infrastructure.csproj", "{2C26C578-9B5F-49C2-BA49-E66732E5F638}"
EndProject
Global
	GlobalSection(SolutionConfigurationPlatforms) = preSolution
		Debug|Any CPU = Debug|Any CPU
		Release|Any CPU = Release|Any CPU
	EndGlobalSection
	GlobalSection(ProjectConfigurationPlatforms) = postSolution
		{3AB2EC1D-EA6E-4C06-B188-346DA29D2002}.Debug|Any CPU.ActiveCfg = Debug|Any CPU
		{3AB2EC1D-EA6E-4C06-B188-346DA29D2002}.Debug|Any CPU.Build.0 = Debug|Any CPU
		{3AB2EC1D-EA6E-4C06-B188-346DA29D2002}.Release|Any CPU.ActiveCfg = Release|Any CPU
		{3AB2EC1D-EA6E-4C06-B188-346DA29D2002}.Release|Any CPU.Build.0 = Release|Any CPU
		{1ABF2912-A5BE-4643-8996-60C8A64E1176}.Debug|Any CPU.ActiveCfg = Debug|Any CPU
		{1ABF2912-A5BE-4643-8996-60C8A64E1176}.Debug|Any CPU.Build.0 = Debug|Any CPU
		{1ABF2912-A5BE-4643-8996-60C8A64E1176}.Release|Any CPU.ActiveCfg = Release|Any CPU
		{1ABF2912-A5BE-4643-8996-60C8A64E1176}.Release|Any CPU.Build.0 = Release|Any CPU
		{2E5F26E0-3421-494F-8B32-011F2CD34BAC}.Debug|Any CPU.ActiveCfg = Debug|Any CPU
		{2E5F26E0-3421-494F-8B32-011F2CD34BAC}.Debug|Any CPU.Build.0 = Debug|Any CPU
		{2E5F26E0-3421-494F-8B32-011F2CD34BAC}.Release|Any CPU.ActiveCfg = Release|Any CPU
		{2E5F26E0-3421-494F-8B32-011F2CD34BAC}.Release|Any CPU.Build.0 = Release|Any CPU
		{2D51A024-8324-4BC3-B456-FE78F1A7B047}.Debug|Any CPU.ActiveCfg = Debug|Any CPU
		{2D51A024-8324-4BC3-B456-FE78F1A7B047}.Debug|Any CPU.Build.0 = Debug|Any CPU
		{2D51A024-8324-4BC3-B456-FE78F1A7B047}.Release|Any CPU.ActiveCfg = Release|Any CPU
		{2D51A024-8324-4BC3-B456-FE78F1A7B047}.Release|Any CPU.Build.0 = Release|Any CPU
		{0E377DC3-3CB3-4DFE-A69D-6425CEA2C7E7}.Debug|Any CPU.ActiveCfg = Debug|Any CPU
		{0E377DC3-3CB3-4DFE-A69D-6425CEA2C7E7}.Debug|Any CPU.Build.0 = Debug|Any CPU
		{0E377DC3-3CB3-4DFE-A69D-6425CEA2C7E7}.Debug|Any CPU.Deploy.0 = Debug|Any CPU
		{0E377DC3-3CB3-4DFE-A69D-6425CEA2C7E7}.Release|Any CPU.ActiveCfg = Release|Any CPU
		{0E377DC3-3CB3-4DFE-A69D-6425CEA2C7E7}.Release|Any CPU.Build.0 = Release|Any CPU
		{0E377DC3-3CB3-4DFE-A69D-6425CEA2C7E7}.Release|Any CPU.Deploy.0 = Release|Any CPU
		{C904481C-99F6-46EC-AAE4-3ACB21FB23FA}.Debug|Any CPU.ActiveCfg = Debug|Any CPU
		{C904481C-99F6-46EC-AAE4-3ACB21FB23FA}.Debug|Any CPU.Build.0 = Debug|Any CPU
		{C904481C-99F6-46EC-AAE4-3ACB21FB23FA}.Release|Any CPU.ActiveCfg = Release|Any CPU
		{C904481C-99F6-46EC-AAE4-3ACB21FB23FA}.Release|Any CPU.Build.0 = Release|Any CPU
		{D63DC588-C6AA-41D6-8B96-1DEABF5CFB88}.Debug|Any CPU.ActiveCfg = Debug|Any CPU
		{D63DC588-C6AA-41D6-8B96-1DEABF5CFB88}.Debug|Any CPU.Build.0 = Debug|Any CPU
		{D63DC588-C6AA-41D6-8B96-1DEABF5CFB88}.Release|Any CPU.ActiveCfg = Release|Any CPU
		{D63DC588-C6AA-41D6-8B96-1DEABF5CFB88}.Release|Any CPU.Build.0 = Release|Any CPU
		{2C26C578-9B5F-49C2-BA49-E66732E5F638}.Debug|Any CPU.ActiveCfg = Debug|Any CPU
		{2C26C578-9B5F-49C2-BA49-E66732E5F638}.Debug|Any CPU.Build.0 = Debug|Any CPU
		{2C26C578-9B5F-49C2-BA49-E66732E5F638}.Release|Any CPU.ActiveCfg = Release|Any CPU
		{2C26C578-9B5F-49C2-BA49-E66732E5F638}.Release|Any CPU.Build.0 = Release|Any CPU
	EndGlobalSection
	GlobalSection(SolutionProperties) = preSolution
		HideSolutionNode = FALSE
	EndGlobalSection
	GlobalSection(NestedProjects) = preSolution
		{3AB2EC1D-EA6E-4C06-B188-346DA29D2002} = {B08831C1-E299-41EA-B535-4CB1AAB9D17D}
		{1ABF2912-A5BE-4643-8996-60C8A64E1176} = {063C467D-F9F9-4EE4-9FE8-58CA31B67C0A}
		{2E5F26E0-3421-494F-8B32-011F2CD34BAC} = {C50EFB97-D941-45B2-9590-8EDEBB7E8BED}
		{2D51A024-8324-4BC3-B456-FE78F1A7B047} = {063C467D-F9F9-4EE4-9FE8-58CA31B67C0A}
		{063C467D-F9F9-4EE4-9FE8-58CA31B67C0A} = {B08831C1-E299-41EA-B535-4CB1AAB9D17D}
		{C50EFB97-D941-45B2-9590-8EDEBB7E8BED} = {B08831C1-E299-41EA-B535-4CB1AAB9D17D}
		{0E377DC3-3CB3-4DFE-A69D-6425CEA2C7E7} = {3111450A-9282-44AC-BA4F-3E0030EF9E73}
		{C904481C-99F6-46EC-AAE4-3ACB21FB23FA} = {C50EFB97-D941-45B2-9590-8EDEBB7E8BED}
		{04795BDA-E65B-4ACB-8C53-3E5B25AA4A29} = {3111450A-9282-44AC-BA4F-3E0030EF9E73}
		{D63DC588-C6AA-41D6-8B96-1DEABF5CFB88} = {04795BDA-E65B-4ACB-8C53-3E5B25AA4A29}
		{2C26C578-9B5F-49C2-BA49-E66732E5F638} = {04795BDA-E65B-4ACB-8C53-3E5B25AA4A29}
	EndGlobalSection
	GlobalSection(ExtensibilityGlobals) = postSolution
		SolutionGuid = {6B0A53AA-6D8D-449C-AB68-8180853951BF}
	EndGlobalSection
EndGlobal
