
Microsoft Visual Studio Solution File, Format Version 12.00
# Visual Studio Version 17
VisualStudioVersion = 17.8.34330.188
MinimumVisualStudioVersion = 10.0.40219.1
Project("{9A19103F-16F7-4668-BE54-9A1E7A4F7556}") = "PayItGlobal.App", "PayItGlobal.App\PayItGlobal.App.csproj", "{2929AA0B-9E3B-454C-9968-7FA8723F1E0F}"
EndProject
Project("{2150E333-8FDC-42A3-9474-1A3956D46DE8}") = "Services", "Services", "{294A94E1-30B0-4198-9328-53B4CF497AD6}"
EndProject
Project("{9A19103F-16F7-4668-BE54-9A1E7A4F7556}") = "PayItGlobal.Infrastructure", "PayItGlobal.Infrastructure\PayItGlobal.Infrastructure.csproj", "{FD6991EF-452B-4FBA-8710-838431B9D21C}"
EndProject
Project("{9A19103F-16F7-4668-BE54-9A1E7A4F7556}") = "PayItGlobal.Application", "PayItGlobal.Application\PayItGlobal.Application.csproj", "{2769524F-9698-40C4-9AA1-5CADBF6D884D}"
EndProject
Project("{9A19103F-16F7-4668-BE54-9A1E7A4F7556}") = "PayItGlobal.DTOs", "PayItGlobal.Services\PayItGlobal.DTOs\PayItGlobal.DTOs.csproj", "{01FA0753-8C9A-4F5A-B950-4A5D42CC01C7}"
EndProject
Project("{9A19103F-16F7-4668-BE54-9A1E7A4F7556}") = "PayItGlobal.Domain", "PayItGlobal.Domain\PayItGlobal.Domain.csproj", "{877BD54C-0046-4335-88F8-86141C098C9F}"
EndProject
Project("{2150E333-8FDC-42A3-9474-1A3956D46DE8}") = "Public", "Public", "{DA816B58-FD31-4DAD-9FC5-CDE59F231430}"
EndProject
Project("{9A19103F-16F7-4668-BE54-9A1E7A4F7556}") = "PayItGlobal.Api", "PayItGlobal.Api\PayItGlobal.Api.csproj", "{9569BE70-B35C-4F37-A2E8-3C444CA9064F}"
EndProject
Project("{2150E333-8FDC-42A3-9474-1A3956D46DE8}") = "Domain", "Domain", "{7FC6B29B-08B7-4482-A5BB-D26B7348063F}"
EndProject
Global
	GlobalSection(SolutionConfigurationPlatforms) = preSolution
		Debug|Any CPU = Debug|Any CPU
		Release|Any CPU = Release|Any CPU
	EndGlobalSection
	GlobalSection(ProjectConfigurationPlatforms) = postSolution
		{2929AA0B-9E3B-454C-9968-7FA8723F1E0F}.Debug|Any CPU.ActiveCfg = Debug|Any CPU
		{2929AA0B-9E3B-454C-9968-7FA8723F1E0F}.Debug|Any CPU.Build.0 = Debug|Any CPU
		{2929AA0B-9E3B-454C-9968-7FA8723F1E0F}.Debug|Any CPU.Deploy.0 = Debug|Any CPU
		{2929AA0B-9E3B-454C-9968-7FA8723F1E0F}.Release|Any CPU.ActiveCfg = Release|Any CPU
		{2929AA0B-9E3B-454C-9968-7FA8723F1E0F}.Release|Any CPU.Build.0 = Release|Any CPU
		{2929AA0B-9E3B-454C-9968-7FA8723F1E0F}.Release|Any CPU.Deploy.0 = Release|Any CPU
		{FD6991EF-452B-4FBA-8710-838431B9D21C}.Debug|Any CPU.ActiveCfg = Debug|Any CPU
		{FD6991EF-452B-4FBA-8710-838431B9D21C}.Debug|Any CPU.Build.0 = Debug|Any CPU
		{FD6991EF-452B-4FBA-8710-838431B9D21C}.Release|Any CPU.ActiveCfg = Release|Any CPU
		{FD6991EF-452B-4FBA-8710-838431B9D21C}.Release|Any CPU.Build.0 = Release|Any CPU
		{2769524F-9698-40C4-9AA1-5CADBF6D884D}.Debug|Any CPU.ActiveCfg = Debug|Any CPU
		{2769524F-9698-40C4-9AA1-5CADBF6D884D}.Debug|Any CPU.Build.0 = Debug|Any CPU
		{2769524F-9698-40C4-9AA1-5CADBF6D884D}.Release|Any CPU.ActiveCfg = Release|Any CPU
		{2769524F-9698-40C4-9AA1-5CADBF6D884D}.Release|Any CPU.Build.0 = Release|Any CPU
		{01FA0753-8C9A-4F5A-B950-4A5D42CC01C7}.Debug|Any CPU.ActiveCfg = Debug|Any CPU
		{01FA0753-8C9A-4F5A-B950-4A5D42CC01C7}.Debug|Any CPU.Build.0 = Debug|Any CPU
		{01FA0753-8C9A-4F5A-B950-4A5D42CC01C7}.Release|Any CPU.ActiveCfg = Release|Any CPU
		{01FA0753-8C9A-4F5A-B950-4A5D42CC01C7}.Release|Any CPU.Build.0 = Release|Any CPU
		{877BD54C-0046-4335-88F8-86141C098C9F}.Debug|Any CPU.ActiveCfg = Debug|Any CPU
		{877BD54C-0046-4335-88F8-86141C098C9F}.Debug|Any CPU.Build.0 = Debug|Any CPU
		{877BD54C-0046-4335-88F8-86141C098C9F}.Release|Any CPU.ActiveCfg = Release|Any CPU
		{877BD54C-0046-4335-88F8-86141C098C9F}.Release|Any CPU.Build.0 = Release|Any CPU
		{9569BE70-B35C-4F37-A2E8-3C444CA9064F}.Debug|Any CPU.ActiveCfg = Debug|Any CPU
		{9569BE70-B35C-4F37-A2E8-3C444CA9064F}.Debug|Any CPU.Build.0 = Debug|Any CPU
		{9569BE70-B35C-4F37-A2E8-3C444CA9064F}.Release|Any CPU.ActiveCfg = Release|Any CPU
		{9569BE70-B35C-4F37-A2E8-3C444CA9064F}.Release|Any CPU.Build.0 = Release|Any CPU
	EndGlobalSection
	GlobalSection(SolutionProperties) = preSolution
		HideSolutionNode = FALSE
	EndGlobalSection
	GlobalSection(NestedProjects) = preSolution
		{2929AA0B-9E3B-454C-9968-7FA8723F1E0F} = {DA816B58-FD31-4DAD-9FC5-CDE59F231430}
		{FD6991EF-452B-4FBA-8710-838431B9D21C} = {294A94E1-30B0-4198-9328-53B4CF497AD6}
		{2769524F-9698-40C4-9AA1-5CADBF6D884D} = {294A94E1-30B0-4198-9328-53B4CF497AD6}
		{01FA0753-8C9A-4F5A-B950-4A5D42CC01C7} = {294A94E1-30B0-4198-9328-53B4CF497AD6}
		{877BD54C-0046-4335-88F8-86141C098C9F} = {7FC6B29B-08B7-4482-A5BB-D26B7348063F}
		{9569BE70-B35C-4F37-A2E8-3C444CA9064F} = {DA816B58-FD31-4DAD-9FC5-CDE59F231430}
	EndGlobalSection
	GlobalSection(ExtensibilityGlobals) = postSolution
		SolutionGuid = {4436D01E-EB6D-4457-AAAC-7B89119B69A8}
	EndGlobalSection
EndGlobal
