
Microsoft Visual Studio Solution File, Format Version 12.00
# Visual Studio Version 17
VisualStudioVersion = 17.8.34330.188
MinimumVisualStudioVersion = 10.0.40219.1
Project("{9A19103F-16F7-4668-BE54-9A1E7A4F7556}") = "PayItGlobal.App", "PayItGlobal.App.csproj", "{D1780AD8-A8F1-4F5D-AB85-4A905083D672}"
EndProject
Global
	GlobalSection(SolutionConfigurationPlatforms) = preSolution
		Debug|Any CPU = Debug|Any CPU
		Release|Any CPU = Release|Any CPU
	EndGlobalSection
	GlobalSection(ProjectConfigurationPlatforms) = postSolution
		{D1780AD8-A8F1-4F5D-AB85-4A905083D672}.Debug|Any CPU.ActiveCfg = Debug|Any CPU
		{D1780AD8-A8F1-4F5D-AB85-4A905083D672}.Debug|Any CPU.Build.0 = Debug|Any CPU
		{D1780AD8-A8F1-4F5D-AB85-4A905083D672}.Debug|Any CPU.Deploy.0 = Debug|Any CPU
		{D1780AD8-A8F1-4F5D-AB85-4A905083D672}.Release|Any CPU.ActiveCfg = Release|Any CPU
		{D1780AD8-A8F1-4F5D-AB85-4A905083D672}.Release|Any CPU.Build.0 = Release|Any CPU
		{D1780AD8-A8F1-4F5D-AB85-4A905083D672}.Release|Any CPU.Deploy.0 = Release|Any CPU
	EndGlobalSection
	GlobalSection(SolutionProperties) = preSolution
		HideSolutionNode = FALSE
	EndGlobalSection
	GlobalSection(ExtensibilityGlobals) = postSolution
		SolutionGuid = {EFB3B572-DB20-4618-87F4-069E997F1D58}
	EndGlobalSection
EndGlobal
