
Microsoft Visual Studio Solution File, Format Version 12.00
# Visual Studio Version 17
VisualStudioVersion = 17.8.34330.188
MinimumVisualStudioVersion = 10.0.40219.1
Project("{9A19103F-16F7-4668-BE54-9A1E7A4F7556}") = "PayItGlobal.Api", "..\PayItGlobal.Api\PayItGlobal.Api.csproj", "{DF1E3FC5-121B-47C8-973E-B69EB4EE48EE}"
EndProject
Project("{9A19103F-16F7-4668-BE54-9A1E7A4F7556}") = "PayItGlobal.Application", "..\PayItGlobal.Application\PayItGlobal.Application.csproj", "{9BAFE784-0AA6-4ABC-B5C1-370C72F5AAC6}"
EndProject
Project("{9A19103F-16F7-4668-BE54-9A1E7A4F7556}") = "PayItGlobal.Domain", "..\PayItGlobal.Domain\PayItGlobal.Domain.csproj", "{C51F966B-E063-476A-B178-F2CEC3698CE9}"
EndProject
Project("{9A19103F-16F7-4668-BE54-9A1E7A4F7556}") = "PayItGlobal.Infrastructure", "..\PayItGlobal.Infrastructure\PayItGlobal.Infrastructure.csproj", "{2C64DF60-3CD4-4D6F-BD08-59CCD8704935}"
EndProject
Global
	GlobalSection(SolutionConfigurationPlatforms) = preSolution
		Debug|Any CPU = Debug|Any CPU
		Release|Any CPU = Release|Any CPU
	EndGlobalSection
	GlobalSection(ProjectConfigurationPlatforms) = postSolution
		{DF1E3FC5-121B-47C8-973E-B69EB4EE48EE}.Debug|Any CPU.ActiveCfg = Debug|Any CPU
		{DF1E3FC5-121B-47C8-973E-B69EB4EE48EE}.Debug|Any CPU.Build.0 = Debug|Any CPU
		{DF1E3FC5-121B-47C8-973E-B69EB4EE48EE}.Release|Any CPU.ActiveCfg = Release|Any CPU
		{DF1E3FC5-121B-47C8-973E-B69EB4EE48EE}.Release|Any CPU.Build.0 = Release|Any CPU
		{9BAFE784-0AA6-4ABC-B5C1-370C72F5AAC6}.Debug|Any CPU.ActiveCfg = Debug|Any CPU
		{9BAFE784-0AA6-4ABC-B5C1-370C72F5AAC6}.Debug|Any CPU.Build.0 = Debug|Any CPU
		{9BAFE784-0AA6-4ABC-B5C1-370C72F5AAC6}.Release|Any CPU.ActiveCfg = Release|Any CPU
		{9BAFE784-0AA6-4ABC-B5C1-370C72F5AAC6}.Release|Any CPU.Build.0 = Release|Any CPU
		{C51F966B-E063-476A-B178-F2CEC3698CE9}.Debug|Any CPU.ActiveCfg = Debug|Any CPU
		{C51F966B-E063-476A-B178-F2CEC3698CE9}.Debug|Any CPU.Build.0 = Debug|Any CPU
		{C51F966B-E063-476A-B178-F2CEC3698CE9}.Release|Any CPU.ActiveCfg = Release|Any CPU
		{C51F966B-E063-476A-B178-F2CEC3698CE9}.Release|Any CPU.Build.0 = Release|Any CPU
		{2C64DF60-3CD4-4D6F-BD08-59CCD8704935}.Debug|Any CPU.ActiveCfg = Debug|Any CPU
		{2C64DF60-3CD4-4D6F-BD08-59CCD8704935}.Debug|Any CPU.Build.0 = Debug|Any CPU
		{2C64DF60-3CD4-4D6F-BD08-59CCD8704935}.Release|Any CPU.ActiveCfg = Release|Any CPU
		{2C64DF60-3CD4-4D6F-BD08-59CCD8704935}.Release|Any CPU.Build.0 = Release|Any CPU
	EndGlobalSection
	GlobalSection(SolutionProperties) = preSolution
		HideSolutionNode = FALSE
	EndGlobalSection
	GlobalSection(ExtensibilityGlobals) = postSolution
		SolutionGuid = {4436D01E-EB6D-4457-AAAC-7B89119B69A8}
	EndGlobalSection
EndGlobal
